{
  "object": {
    "pins": [
      {
        "package": "NetworkManager",
        "repositoryURL": "https://github.com/yo2bh/NetworkManager.git",
        "state": {
          "branch": "master",
          "revision": "70cccb9433d04db2f71dd3208275ca96e7702622",
          "version": null
        }
      }
    ]
  },
  "version": 1
}
